// !$*UTF8*$!
{
	archiveVersion = 1;
	classes = {
	};
	objectVersion = 50;
	objects = {

/* Begin PBXBuildFile section */
		409571A027E66E860014D751 /* AppDelegate.swift in Sources */ = {isa = PBXBuildFile; fileRef = 4095719F27E66E860014D751 /* AppDelegate.swift */; };
		409571A227E66E860014D751 /* SceneDelegate.swift in Sources */ = {isa = PBXBuildFile; fileRef = 409571A127E66E860014D751 /* SceneDelegate.swift */; };
		409571A427E66E860014D751 /* ViewController.swift in Sources */ = {isa = PBXBuildFile; fileRef = 409571A327E66E860014D751 /* ViewController.swift */; };
		409571A927E66E870014D751 /* Assets.xcassets in Resources */ = {isa = PBXBuildFile; fileRef = 409571A827E66E870014D751 /* Assets.xcassets */; };
		409571AC27E66E870014D751 /* LaunchScreen.storyboard in Resources */ = {isa = PBXBuildFile; fileRef = 409571AA27E66E870014D751 /* LaunchScreen.storyboard */; };
		409571B527E670190014D751 /* MoviesViewController.swift in Sources */ = {isa = PBXBuildFile; fileRef = 409571B427E670190014D751 /* MoviesViewController.swift */; };
		409571B827E6709D0014D751 /* MovieView.swift in Sources */ = {isa = PBXBuildFile; fileRef = 409571B727E6709D0014D751 /* MovieView.swift */; };
/* End PBXBuildFile section */

/* Begin PBXFileReference section */
		4095719C27E66E860014D751 /* ifkadyrovPW8.app */ = {isa = PBXFileReference; explicitFileType = wrapper.application; includeInIndex = 0; path = ifkadyrovPW8.app; sourceTree = BUILT_PRODUCTS_DIR; };
		4095719F27E66E860014D751 /* AppDelegate.swift */ = {isa = PBXFileReference; lastKnownFileType = sourcecode.swift; path = AppDelegate.swift; sourceTree = "<group>"; };
		409571A127E66E860014D751 /* SceneDelegate.swift */ = {isa = PBXFileReference; lastKnownFileType = sourcecode.swift; path = SceneDelegate.swift; sourceTree = "<group>"; };
		409571A327E66E860014D751 /* ViewController.swift */ = {isa = PBXFileReference; lastKnownFileType = sourcecode.swift; path = ViewController.swift; sourceTree = "<group>"; };
		409571A827E66E870014D751 /* Assets.xcassets */ = {isa = PBXFileReference; lastKnownFileType = folder.assetcatalog; path = Assets.xcassets; sourceTree = "<group>"; };
		409571AB27E66E870014D751 /* Base */ = {isa = PBXFileReference; lastKnownFileType = file.storyboard; name = Base; path = Base.lproj/LaunchScreen.storyboard; sourceTree = "<group>"; };
		409571AD27E66E870014D751 /* Info.plist */ = {isa = PBXFileReference; lastKnownFileType = text.plist.xml; path = Info.plist; sourceTree = "<group>"; };
		409571B427E670190014D751 /* MoviesViewController.swift */ = {isa = PBXFileReference; lastKnownFileType = sourcecode.swift; path = MoviesViewController.swift; sourceTree = "<group>"; };
		409571B727E6709D0014D751 /* MovieView.swift */ = {isa = PBXFileReference; lastKnownFileType = sourcecode.swift; path = MovieView.swift; sourceTree = "<group>"; };
/* End PBXFileReference section */

/* Begin PBXFrameworksBuildPhase section */
		4095719927E66E860014D751 /* Frameworks */ = {
			isa = PBXFrameworksBuildPhase;
			buildActionMask = 2147483647;
			files = (
			);
			runOnlyForDeploymentPostprocessing = 0;
		};
/* End PBXFrameworksBuildPhase section */

/* Begin PBXGroup section */
		4095719327E66E860014D751 = {
			isa = PBXGroup;
			children = (
				4095719E27E66E860014D751 /* ifkadyrovPW8 */,
				4095719D27E66E860014D751 /* Products */,
			);
			sourceTree = "<group>";
		};
		4095719D27E66E860014D751 /* Products */ = {
			isa = PBXGroup;
			children = (
				4095719C27E66E860014D751 /* ifkadyrovPW8.app */,
			);
			name = Products;
			sourceTree = "<group>";
		};
		4095719E27E66E860014D751 /* ifkadyrovPW8 */ = {
			isa = PBXGroup;
			children = (
				409571B627E670880014D751 /* Controls */,
				409571B327E66FED0014D751 /* Controllers */,
				4095719F27E66E860014D751 /* AppDelegate.swift */,
				409571A127E66E860014D751 /* SceneDelegate.swift */,
				409571A827E66E870014D751 /* Assets.xcassets */,
				409571AA27E66E870014D751 /* LaunchScreen.storyboard */,
				409571AD27E66E870014D751 /* Info.plist */,
			);
			path = ifkadyrovPW8;
			sourceTree = "<group>";
		};
		409571B327E66FED0014D751 /* Controllers */ = {
			isa = PBXGroup;
			children = (
				409571A327E66E860014D751 /* ViewController.swift */,
				409571B427E670190014D751 /* MoviesViewController.swift */,
			);
			name = Controllers;
			path = ifkadyrovPW8/Controllers;
			sourceTree = SOURCE_ROOT;
		};
		409571B627E670880014D751 /* Controls */ = {
			isa = PBXGroup;
			children = (
				409571B727E6709D0014D751 /* MovieView.swift */,
			);
			name = Controls;
			path = ifkadyrovPW8/Controls;
			sourceTree = SOURCE_ROOT;
		};
/* End PBXGroup section */

/* Begin PBXNativeTarget section */
		4095719B27E66E860014D751 /* ifkadyrovPW8 */ = {
			isa = PBXNativeTarget;
			buildConfigurationList = 409571B027E66E870014D751 /* Build configuration list for PBXNativeTarget "ifkadyrovPW8" */;
			buildPhases = (
				4095719827E66E860014D751 /* Sources */,
				4095719927E66E860014D751 /* Frameworks */,
				4095719A27E66E860014D751 /* Resources */,
			);
			buildRules = (
			);
			dependencies = (
			);
			name = ifkadyrovPW8;
			productName = ifkadyrovPW8;
			productReference = 4095719C27E66E860014D751 /* ifkadyrovPW8.app */;
			productType = "com.apple.product-type.application";
		};
/* End PBXNativeTarget section */

/* Begin PBXProject section */
		4095719427E66E860014D751 /* Project object */ = {
			isa = PBXProject;
			attributes = {
				LastSwiftUpdateCheck = 1250;
				LastUpgradeCheck = 1250;
				TargetAttributes = {
					4095719B27E66E860014D751 = {
						CreatedOnToolsVersion = 12.5;
					};
				};
			};
			buildConfigurationList = 4095719727E66E860014D751 /* Build configuration list for PBXProject "ifkadyrovPW8" */;
			compatibilityVersion = "Xcode 9.3";
			developmentRegion = en;
			hasScannedForEncodings = 0;
			knownRegions = (
				en,
				Base,
			);
			mainGroup = 4095719327E66E860014D751;
			productRefGroup = 4095719D27E66E860014D751 /* Products */;
			projectDirPath = "";
			projectRoot = "";
			targets = (
				4095719B27E66E860014D751 /* ifkadyrovPW8 */,
			);
		};
/* End PBXProject section */

/* Begin PBXResourcesBuildPhase section */
		4095719A27E66E860014D751 /* Resources */ = {
			isa = PBXResourcesBuildPhase;
			buildActionMask = 2147483647;
			files = (
				409571AC27E66E870014D751 /* LaunchScreen.storyboard in Resources */,
				409571A927E66E870014D751 /* Assets.xcassets in Resources */,
			);
			runOnlyForDeploymentPostprocessing = 0;
		};
/* End PBXResourcesBuildPhase section */

/* Begin PBXSourcesBuildPhase section */
		4095719827E66E860014D751 /* Sources */ = {
			isa = PBXSourcesBuildPhase;
			buildActionMask = 2147483647;
			files = (
				409571B827E6709D0014D751 /* MovieView.swift in Sources */,
				409571A427E66E860014D751 /* ViewController.swift in Sources */,
				409571A027E66E860014D751 /* AppDelegate.swift in Sources */,
				409571A227E66E860014D751 /* SceneDelegate.swift in Sources */,
				409571B527E670190014D751 /* MoviesViewController.swift in Sources */,
			);
			runOnlyForDeploymentPostprocessing = 0;
		};
/* End PBXSourcesBuildPhase section */

/* Begin PBXVariantGroup section */
		409571AA27E66E870014D751 /* LaunchScreen.storyboard */ = {
			isa = PBXVariantGroup;
			children = (
				409571AB27E66E870014D751 /* Base */,
			);
			name = LaunchScreen.storyboard;
			sourceTree = "<group>";
		};
/* End PBXVariantGroup section */

/* Begin XCBuildConfiguration section */
		409571AE27E66E870014D751 /* Debug */ = {
			isa = XCBuildConfiguration;
			buildSettings = {
				ALWAYS_SEARCH_USER_PATHS = NO;
				CLANG_ANALYZER_NONNULL = YES;
				CLANG_ANALYZER_NUMBER_OBJECT_CONVERSION = YES_AGGRESSIVE;
				CLANG_CXX_LANGUAGE_STANDARD = "gnu++14";
				CLANG_CXX_LIBRARY = "libc++";
				CLANG_ENABLE_MODULES = YES;
				CLANG_ENABLE_OBJC_ARC = YES;
				CLANG_ENABLE_OBJC_WEAK = YES;
				CLANG_WARN_BLOCK_CAPTURE_AUTORELEASING = YES;
				CLANG_WARN_BOOL_CONVERSION = YES;
				CLANG_WARN_COMMA = YES;
				CLANG_WARN_CONSTANT_CONVERSION = YES;
				CLANG_WARN_DEPRECATED_OBJC_IMPLEMENTATIONS = YES;
				CLANG_WARN_DIRECT_OBJC_ISA_USAGE = YES_ERROR;
				CLANG_WARN_DOCUMENTATION_COMMENTS = YES;
				CLANG_WARN_EMPTY_BODY = YES;
				CLANG_WARN_ENUM_CONVERSION = YES;
				CLANG_WARN_INFINITE_RECURSION = YES;
				CLANG_WARN_INT_CONVERSION = YES;
				CLANG_WARN_NON_LITERAL_NULL_CONVERSION = YES;
				CLANG_WARN_OBJC_IMPLICIT_RETAIN_SELF = YES;
				CLANG_WARN_OBJC_LITERAL_CONVERSION = YES;
				CLANG_WARN_OBJC_ROOT_CLASS = YES_ERROR;
				CLANG_WARN_QUOTED_INCLUDE_IN_FRAMEWORK_HEADER = YES;
				CLANG_WARN_RANGE_LOOP_ANALYSIS = YES;
				CLANG_WARN_STRICT_PROTOTYPES = YES;
				CLANG_WARN_SUSPICIOUS_MOVE = YES;
				CLANG_WARN_UNGUARDED_AVAILABILITY = YES_AGGRESSIVE;
				CLANG_WARN_UNREACHABLE_CODE = YES;
				CLANG_WARN__DUPLICATE_METHOD_MATCH = YES;
				COPY_PHASE_STRIP = NO;
				DEBUG_INFORMATION_FORMAT = dwarf;
				ENABLE_STRICT_OBJC_MSGSEND = YES;
				ENABLE_TESTABILITY = YES;
				GCC_C_LANGUAGE_STANDARD = gnu11;
				GCC_DYNAMIC_NO_PIC = NO;
				GCC_NO_COMMON_BLOCKS = YES;
				GCC_OPTIMIZATION_LEVEL = 0;
				GCC_PREPROCESSOR_DEFINITIONS = (
					"DEBUG=1",
					"$(inherited)",
				);
				GCC_WARN_64_TO_32_BIT_CONVERSION = YES;
				GCC_WARN_ABOUT_RETURN_TYPE = YES_ERROR;
				GCC_WARN_UNDECLARED_SELECTOR = YES;
				GCC_WARN_UNINITIALIZED_AUTOS = YES_AGGRESSIVE;
				GCC_WARN_UNUSED_FUNCTION = YES;
				GCC_WARN_UNUSED_VARIABLE = YES;
				IPHONEOS_DEPLOYMENT_TARGET = 14.5;
				MTL_ENABLE_DEBUG_INFO = INCLUDE_SOURCE;
				MTL_FAST_MATH = YES;
				ONLY_ACTIVE_ARCH = YES;
				SDKROOT = iphoneos;
				SWIFT_ACTIVE_COMPILATION_CONDITIONS = DEBUG;
				SWIFT_OPTIMIZATION_LEVEL = "-Onone";
			};
			name = Debug;
		};
		409571AF27E66E870014D751 /* Release */ = {
			isa = XCBuildConfiguration;
			buildSettings = {
				ALWAYS_SEARCH_USER_PATHS = NO;
				CLANG_ANALYZER_NONNULL = YES;
				CLANG_ANALYZER_NUMBER_OBJECT_CONVERSION = YES_AGGRESSIVE;
				CLANG_CXX_LANGUAGE_STANDARD = "gnu++14";
				CLANG_CXX_LIBRARY = "libc++";
				CLANG_ENABLE_MODULES = YES;
				CLANG_ENABLE_OBJC_ARC = YES;
				CLANG_ENABLE_OBJC_WEAK = YES;
				CLANG_WARN_BLOCK_CAPTURE_AUTORELEASING = YES;
				CLANG_WARN_BOOL_CONVERSION = YES;
				CLANG_WARN_COMMA = YES;
				CLANG_WARN_CONSTANT_CONVERSION = YES;
				CLANG_WARN_DEPRECATED_OBJC_IMPLEMENTATIONS = YES;
				CLANG_WARN_DIRECT_OBJC_ISA_USAGE = YES_ERROR;
				CLANG_WARN_DOCUMENTATION_COMMENTS = YES;
				CLANG_WARN_EMPTY_BODY = YES;
				CLANG_WARN_ENUM_CONVERSION = YES;
				CLANG_WARN_INFINITE_RECURSION = YES;
				CLANG_WARN_INT_CONVERSION = YES;
				CLANG_WARN_NON_LITERAL_NULL_CONVERSION = YES;
				CLANG_WARN_OBJC_IMPLICIT_RETAIN_SELF = YES;
				CLANG_WARN_OBJC_LITERAL_CONVERSION = YES;
				CLANG_WARN_OBJC_ROOT_CLASS = YES_ERROR;
				CLANG_WARN_QUOTED_INCLUDE_IN_FRAMEWORK_HEADER = YES;
				CLANG_WARN_RANGE_LOOP_ANALYSIS = YES;
				CLANG_WARN_STRICT_PROTOTYPES = YES;
				CLANG_WARN_SUSPICIOUS_MOVE = YES;
				CLANG_WARN_UNGUARDED_AVAILABILITY = YES_AGGRESSIVE;
				CLANG_WARN_UNREACHABLE_CODE = YES;
				CLANG_WARN__DUPLICATE_METHOD_MATCH = YES;
				COPY_PHASE_STRIP = NO;
				DEBUG_INFORMATION_FORMAT = "dwarf-with-dsym";
				ENABLE_NS_ASSERTIONS = NO;
				ENABLE_STRICT_OBJC_MSGSEND = YES;
				GCC_C_LANGUAGE_STANDARD = gnu11;
				GCC_NO_COMMON_BLOCKS = YES;
				GCC_WARN_64_TO_32_BIT_CONVERSION = YES;
				GCC_WARN_ABOUT_RETURN_TYPE = YES_ERROR;
				GCC_WARN_UNDECLARED_SELECTOR = YES;
				GCC_WARN_UNINITIALIZED_AUTOS = YES_AGGRESSIVE;
				GCC_WARN_UNUSED_FUNCTION = YES;
				GCC_WARN_UNUSED_VARIABLE = YES;
				IPHONEOS_DEPLOYMENT_TARGET = 14.5;
				MTL_ENABLE_DEBUG_INFO = NO;
				MTL_FAST_MATH = YES;
				SDKROOT = iphoneos;
				SWIFT_COMPILATION_MODE = wholemodule;
				SWIFT_OPTIMIZATION_LEVEL = "-O";
				VALIDATE_PRODUCT = YES;
			};
			name = Release;
		};
		409571B127E66E870014D751 /* Debug */ = {
			isa = XCBuildConfiguration;
			buildSettings = {
				ASSETCATALOG_COMPILER_APPICON_NAME = AppIcon;
				ASSETCATALOG_COMPILER_GLOBAL_ACCENT_COLOR_NAME = AccentColor;
				CODE_SIGN_STYLE = Automatic;
				DEVELOPMENT_TEAM = D96GWN8TVY;
				INFOPLIST_FILE = ifkadyrovPW8/Info.plist;
				LD_RUNPATH_SEARCH_PATHS = (
					"$(inherited)",
					"@executable_path/Frameworks",
				);
				PRODUCT_BUNDLE_IDENTIFIER = HSE.ifkadyrovPW8;
				PRODUCT_NAME = "$(TARGET_NAME)";
				SWIFT_VERSION = 5.0;
				TARGETED_DEVICE_FAMILY = "1,2";
			};
			name = Debug;
		};
		409571B227E66E870014D751 /* Release */ = {
			isa = XCBuildConfiguration;
			buildSettings = {
				ASSETCATALOG_COMPILER_APPICON_NAME = AppIcon;
				ASSETCATALOG_COMPILER_GLOBAL_ACCENT_COLOR_NAME = AccentColor;
				CODE_SIGN_STYLE = Automatic;
				DEVELOPMENT_TEAM = D96GWN8TVY;
				INFOPLIST_FILE = ifkadyrovPW8/Info.plist;
				LD_RUNPATH_SEARCH_PATHS = (
					"$(inherited)",
					"@executable_path/Frameworks",
				);
				PRODUCT_BUNDLE_IDENTIFIER = HSE.ifkadyrovPW8;
				PRODUCT_NAME = "$(TARGET_NAME)";
				SWIFT_VERSION = 5.0;
				TARGETED_DEVICE_FAMILY = "1,2";
			};
			name = Release;
		};
/* End XCBuildConfiguration section */

/* Begin XCConfigurationList section */
		4095719727E66E860014D751 /* Build configuration list for PBXProject "ifkadyrovPW8" */ = {
			isa = XCConfigurationList;
			buildConfigurations = (
				409571AE27E66E870014D751 /* Debug */,
				409571AF27E66E870014D751 /* Release */,
			);
			defaultConfigurationIsVisible = 0;
			defaultConfigurationName = Release;
		};
		409571B027E66E870014D751 /* Build configuration list for PBXNativeTarget "ifkadyrovPW8" */ = {
			isa = XCConfigurationList;
			buildConfigurations = (
				409571B127E66E870014D751 /* Debug */,
				409571B227E66E870014D751 /* Release */,
			);
			defaultConfigurationIsVisible = 0;
			defaultConfigurationName = Release;
		};
/* End XCConfigurationList section */
	};
	rootObject = 4095719427E66E860014D751 /* Project object */;
}
